
Microsoft Visual Studio Solution File, Format Version 12.00
# Visual Studio Version 17
VisualStudioVersion = 17.14.36429.23 d17.14
MinimumVisualStudioVersion = 10.0.40219.1
Project("{2150E333-8FDC-42A3-9474-1A3956D46DE8}") = "Application", "Application", "{02EA681E-C7D8-13C7-8484-4AC65E1B71E8}"
EndProject
Project("{2150E333-8FDC-42A3-9474-1A3956D46DE8}") = "Core", "Core", "{FE9D13F7-F952-4849-AC20-AAB65177269B}"
EndProject
Project("{2150E333-8FDC-42A3-9474-1A3956D46DE8}") = "Infrastructure", "Infrastructure", "{D02C897B-4416-41AE-93E3-B7E0C0551B4F}"
EndProject
Project("{2150E333-8FDC-42A3-9474-1A3956D46DE8}") = "Presentation", "Presentation", "{E441C8AD-BF32-4ACE-9524-BAF14D330C93}"
EndProject
Project("{FAE04EC0-301F-11D3-BF4B-00C04F79EFBC}") = "Application_Service", "Application-Service\Application_Service.csproj", "{F5224F25-7286-433D-8217-1CA7B813C28F}"
EndProject
Project("{FAE04EC0-301F-11D3-BF4B-00C04F79EFBC}") = "Domain_Service", "Domain-Service\Domain_Service.csproj", "{438D98FC-1D01-4917-A2AA-ABC42C004027}"
EndProject
Project("{FAE04EC0-301F-11D3-BF4B-00C04F79EFBC}") = "Infrastructure_Service", "Infrastructure-Service\Infrastructure_Service.csproj", "{0DC46756-135C-4F94-9F34-1C3044BC9694}"
EndProject
Project("{FAE04EC0-301F-11D3-BF4B-00C04F79EFBC}") = "Presentation_Service", "Presentation-Service\Presentation_Service.csproj", "{B92F9D33-6F34-49B6-81AC-21CA06B31BB0}"
EndProject
Global
	GlobalSection(SolutionConfigurationPlatforms) = preSolution
		Debug|Any CPU = Debug|Any CPU
		Release|Any CPU = Release|Any CPU
	EndGlobalSection
	GlobalSection(ProjectConfigurationPlatforms) = postSolution
		{F5224F25-7286-433D-8217-1CA7B813C28F}.Debug|Any CPU.ActiveCfg = Debug|Any CPU
		{F5224F25-7286-433D-8217-1CA7B813C28F}.Debug|Any CPU.Build.0 = Debug|Any CPU
		{F5224F25-7286-433D-8217-1CA7B813C28F}.Release|Any CPU.ActiveCfg = Release|Any CPU
		{F5224F25-7286-433D-8217-1CA7B813C28F}.Release|Any CPU.Build.0 = Release|Any CPU
		{438D98FC-1D01-4917-A2AA-ABC42C004027}.Debug|Any CPU.ActiveCfg = Debug|Any CPU
		{438D98FC-1D01-4917-A2AA-ABC42C004027}.Debug|Any CPU.Build.0 = Debug|Any CPU
		{438D98FC-1D01-4917-A2AA-ABC42C004027}.Release|Any CPU.ActiveCfg = Release|Any CPU
		{438D98FC-1D01-4917-A2AA-ABC42C004027}.Release|Any CPU.Build.0 = Release|Any CPU
		{0DC46756-135C-4F94-9F34-1C3044BC9694}.Debug|Any CPU.ActiveCfg = Debug|Any CPU
		{0DC46756-135C-4F94-9F34-1C3044BC9694}.Debug|Any CPU.Build.0 = Debug|Any CPU
		{0DC46756-135C-4F94-9F34-1C3044BC9694}.Release|Any CPU.ActiveCfg = Release|Any CPU
		{0DC46756-135C-4F94-9F34-1C3044BC9694}.Release|Any CPU.Build.0 = Release|Any CPU
		{B92F9D33-6F34-49B6-81AC-21CA06B31BB0}.Debug|Any CPU.ActiveCfg = Debug|Any CPU
		{B92F9D33-6F34-49B6-81AC-21CA06B31BB0}.Debug|Any CPU.Build.0 = Debug|Any CPU
		{B92F9D33-6F34-49B6-81AC-21CA06B31BB0}.Release|Any CPU.ActiveCfg = Release|Any CPU
		{B92F9D33-6F34-49B6-81AC-21CA06B31BB0}.Release|Any CPU.Build.0 = Release|Any CPU
	EndGlobalSection
	GlobalSection(SolutionProperties) = preSolution
		HideSolutionNode = FALSE
	EndGlobalSection
	GlobalSection(NestedProjects) = preSolution
		{F5224F25-7286-433D-8217-1CA7B813C28F} = {02EA681E-C7D8-13C7-8484-4AC65E1B71E8}
		{438D98FC-1D01-4917-A2AA-ABC42C004027} = {FE9D13F7-F952-4849-AC20-AAB65177269B}
		{0DC46756-135C-4F94-9F34-1C3044BC9694} = {D02C897B-4416-41AE-93E3-B7E0C0551B4F}
		{B92F9D33-6F34-49B6-81AC-21CA06B31BB0} = {E441C8AD-BF32-4ACE-9524-BAF14D330C93}
	EndGlobalSection
	GlobalSection(ExtensibilityGlobals) = postSolution
		SolutionGuid = {653DD2CA-68BF-4118-A83C-66C8419EEE27}
	EndGlobalSection
EndGlobal
